// !$*UTF8*$!
{
	archiveVersion = 1;
	classes = {
	};
	objectVersion = 46;
	objects = {

/* Begin PBXBuildFile section */
		2CC33F291CC89F4100A88BA3 /* AppDelegate.swift in Sources */ = {isa = PBXBuildFile; fileRef = 2CC33F281CC89F4100A88BA3 /* AppDelegate.swift */; };
		2CC33F2B1CC89F4100A88BA3 /* ViewController.swift in Sources */ = {isa = PBXBuildFile; fileRef = 2CC33F2A1CC89F4100A88BA3 /* ViewController.swift */; };
		2CC33F2E1CC89F4100A88BA3 /* Main.storyboard in Resources */ = {isa = PBXBuildFile; fileRef = 2CC33F2C1CC89F4100A88BA3 /* Main.storyboard */; };
		2CC33F311CC89F4100A88BA3 /* TopTen.xcdatamodeld in Sources */ = {isa = PBXBuildFile; fileRef = 2CC33F2F1CC89F4100A88BA3 /* TopTen.xcdatamodeld */; };
		2CC33F331CC89F4100A88BA3 /* Assets.xcassets in Resources */ = {isa = PBXBuildFile; fileRef = 2CC33F321CC89F4100A88BA3 /* Assets.xcassets */; };
		2CC33F361CC89F4100A88BA3 /* LaunchScreen.storyboard in Resources */ = {isa = PBXBuildFile; fileRef = 2CC33F341CC89F4100A88BA3 /* LaunchScreen.storyboard */; };
		2CC33F411CC89F4100A88BA3 /* TopTenTests.swift in Sources */ = {isa = PBXBuildFile; fileRef = 2CC33F401CC89F4100A88BA3 /* TopTenTests.swift */; };
		2CC33F4C1CC89F4100A88BA3 /* TopTenUITests.swift in Sources */ = {isa = PBXBuildFile; fileRef = 2CC33F4B1CC89F4100A88BA3 /* TopTenUITests.swift */; };
		2CC33F5A1CC8A75400A88BA3 /* ItemViewController.swift in Sources */ = {isa = PBXBuildFile; fileRef = 2CC33F591CC8A75400A88BA3 /* ItemViewController.swift */; };
		9E22F5AE1CCC2DD3009C032D /* TopicTableViewController.swift in Sources */ = {isa = PBXBuildFile; fileRef = 9E22F5AD1CCC2DD3009C032D /* TopicTableViewController.swift */; };
		9E22F5B61CCC2EE3009C032D /* Topic.swift in Sources */ = {isa = PBXBuildFile; fileRef = 9E22F5B51CCC2EE3009C032D /* Topic.swift */; };
		9E22F5B81CCC2EEB009C032D /* Item.swift in Sources */ = {isa = PBXBuildFile; fileRef = 9E22F5B71CCC2EEB009C032D /* Item.swift */; };
		9E22F5BA1CCC2EF5009C032D /* User.swift in Sources */ = {isa = PBXBuildFile; fileRef = 9E22F5B91CCC2EF5009C032D /* User.swift */; };
		9E22F5BC1CCC2F61009C032D /* PotentialTopicViewController.swift in Sources */ = {isa = PBXBuildFile; fileRef = 9E22F5BB1CCC2F61009C032D /* PotentialTopicViewController.swift */; };
		9E22F5BE1CCC33A1009C032D /* TopicTableViewCell.swift in Sources */ = {isa = PBXBuildFile; fileRef = 9E22F5BD1CCC33A1009C032D /* TopicTableViewCell.swift */; };
		9E22F5C01CCC33BA009C032D /* ItemTableViewCell.swift in Sources */ = {isa = PBXBuildFile; fileRef = 9E22F5BF1CCC33BA009C032D /* ItemTableViewCell.swift */; };
		9E22F5C21CCC33C7009C032D /* PotentialTopicTableViewCell.swift in Sources */ = {isa = PBXBuildFile; fileRef = 9E22F5C11CCC33C7009C032D /* PotentialTopicTableViewCell.swift */; };
		9E240D3D1CCC448B00508521 /* GreyDownArrow.png in Resources */ = {isa = PBXBuildFile; fileRef = 9E240D391CCC448B00508521 /* GreyDownArrow.png */; };
		9E240D3E1CCC448B00508521 /* GreyUpArrow.png in Resources */ = {isa = PBXBuildFile; fileRef = 9E240D3A1CCC448B00508521 /* GreyUpArrow.png */; };
		9E240D3F1CCC448B00508521 /* PurpleDownArrow.png in Resources */ = {isa = PBXBuildFile; fileRef = 9E240D3B1CCC448B00508521 /* PurpleDownArrow.png */; };
		9E240D401CCC448B00508521 /* PurpleUpArrow.png in Resources */ = {isa = PBXBuildFile; fileRef = 9E240D3C1CCC448B00508521 /* PurpleUpArrow.png */; };
/* End PBXBuildFile section */

/* Begin PBXContainerItemProxy section */
		2CC33F3D1CC89F4100A88BA3 /* PBXContainerItemProxy */ = {
			isa = PBXContainerItemProxy;
			containerPortal = 2CC33F1D1CC89F4100A88BA3 /* Project object */;
			proxyType = 1;
			remoteGlobalIDString = 2CC33F241CC89F4100A88BA3;
			remoteInfo = TopTen;
		};
		2CC33F481CC89F4100A88BA3 /* PBXContainerItemProxy */ = {
			isa = PBXContainerItemProxy;
			containerPortal = 2CC33F1D1CC89F4100A88BA3 /* Project object */;
			proxyType = 1;
			remoteGlobalIDString = 2CC33F241CC89F4100A88BA3;
			remoteInfo = TopTen;
		};
/* End PBXContainerItemProxy section */

/* Begin PBXFileReference section */
		2CC33F251CC89F4100A88BA3 /* TopTen.app */ = {isa = PBXFileReference; explicitFileType = wrapper.application; includeInIndex = 0; path = TopTen.app; sourceTree = BUILT_PRODUCTS_DIR; };
		2CC33F281CC89F4100A88BA3 /* AppDelegate.swift */ = {isa = PBXFileReference; lastKnownFileType = sourcecode.swift; path = AppDelegate.swift; sourceTree = "<group>"; };
		2CC33F2A1CC89F4100A88BA3 /* ViewController.swift */ = {isa = PBXFileReference; lastKnownFileType = sourcecode.swift; path = ViewController.swift; sourceTree = "<group>"; };
		2CC33F2D1CC89F4100A88BA3 /* Base */ = {isa = PBXFileReference; lastKnownFileType = file.storyboard; name = Base; path = Base.lproj/Main.storyboard; sourceTree = "<group>"; };
		2CC33F301CC89F4100A88BA3 /* TopTen.xcdatamodel */ = {isa = PBXFileReference; lastKnownFileType = wrapper.xcdatamodel; path = TopTen.xcdatamodel; sourceTree = "<group>"; };
		2CC33F321CC89F4100A88BA3 /* Assets.xcassets */ = {isa = PBXFileReference; lastKnownFileType = folder.assetcatalog; path = Assets.xcassets; sourceTree = "<group>"; };
		2CC33F351CC89F4100A88BA3 /* Base */ = {isa = PBXFileReference; lastKnownFileType = file.storyboard; name = Base; path = Base.lproj/LaunchScreen.storyboard; sourceTree = "<group>"; };
		2CC33F371CC89F4100A88BA3 /* Info.plist */ = {isa = PBXFileReference; lastKnownFileType = text.plist.xml; path = Info.plist; sourceTree = "<group>"; };
		2CC33F3C1CC89F4100A88BA3 /* TopTenTests.xctest */ = {isa = PBXFileReference; explicitFileType = wrapper.cfbundle; includeInIndex = 0; path = TopTenTests.xctest; sourceTree = BUILT_PRODUCTS_DIR; };
		2CC33F401CC89F4100A88BA3 /* TopTenTests.swift */ = {isa = PBXFileReference; lastKnownFileType = sourcecode.swift; path = TopTenTests.swift; sourceTree = "<group>"; };
		2CC33F421CC89F4100A88BA3 /* Info.plist */ = {isa = PBXFileReference; lastKnownFileType = text.plist.xml; path = Info.plist; sourceTree = "<group>"; };
		2CC33F471CC89F4100A88BA3 /* TopTenUITests.xctest */ = {isa = PBXFileReference; explicitFileType = wrapper.cfbundle; includeInIndex = 0; path = TopTenUITests.xctest; sourceTree = BUILT_PRODUCTS_DIR; };
		2CC33F4B1CC89F4100A88BA3 /* TopTenUITests.swift */ = {isa = PBXFileReference; lastKnownFileType = sourcecode.swift; path = TopTenUITests.swift; sourceTree = "<group>"; };
		2CC33F4D1CC89F4100A88BA3 /* Info.plist */ = {isa = PBXFileReference; lastKnownFileType = text.plist.xml; path = Info.plist; sourceTree = "<group>"; };
		2CC33F591CC8A75400A88BA3 /* ItemViewController.swift */ = {isa = PBXFileReference; fileEncoding = 4; lastKnownFileType = sourcecode.swift; path = ItemViewController.swift; sourceTree = "<group>"; };
		9E22F5AD1CCC2DD3009C032D /* TopicTableViewController.swift */ = {isa = PBXFileReference; fileEncoding = 4; lastKnownFileType = sourcecode.swift; path = TopicTableViewController.swift; sourceTree = "<group>"; };
		9E22F5B51CCC2EE3009C032D /* Topic.swift */ = {isa = PBXFileReference; fileEncoding = 4; lastKnownFileType = sourcecode.swift; path = Topic.swift; sourceTree = "<group>"; };
		9E22F5B71CCC2EEB009C032D /* Item.swift */ = {isa = PBXFileReference; fileEncoding = 4; lastKnownFileType = sourcecode.swift; path = Item.swift; sourceTree = "<group>"; };
		9E22F5B91CCC2EF5009C032D /* User.swift */ = {isa = PBXFileReference; fileEncoding = 4; lastKnownFileType = sourcecode.swift; path = User.swift; sourceTree = "<group>"; };
		9E22F5BB1CCC2F61009C032D /* PotentialTopicViewController.swift */ = {isa = PBXFileReference; fileEncoding = 4; lastKnownFileType = sourcecode.swift; path = PotentialTopicViewController.swift; sourceTree = "<group>"; };
		9E22F5BD1CCC33A1009C032D /* TopicTableViewCell.swift */ = {isa = PBXFileReference; fileEncoding = 4; lastKnownFileType = sourcecode.swift; path = TopicTableViewCell.swift; sourceTree = "<group>"; };
		9E22F5BF1CCC33BA009C032D /* ItemTableViewCell.swift */ = {isa = PBXFileReference; fileEncoding = 4; lastKnownFileType = sourcecode.swift; path = ItemTableViewCell.swift; sourceTree = "<group>"; };
		9E22F5C11CCC33C7009C032D /* PotentialTopicTableViewCell.swift */ = {isa = PBXFileReference; fileEncoding = 4; lastKnownFileType = sourcecode.swift; path = PotentialTopicTableViewCell.swift; sourceTree = "<group>"; };
		9E240D391CCC448B00508521 /* GreyDownArrow.png */ = {isa = PBXFileReference; lastKnownFileType = image.png; name = GreyDownArrow.png; path = Images/GreyDownArrow.png; sourceTree = "<group>"; };
		9E240D3A1CCC448B00508521 /* GreyUpArrow.png */ = {isa = PBXFileReference; lastKnownFileType = image.png; name = GreyUpArrow.png; path = Images/GreyUpArrow.png; sourceTree = "<group>"; };
		9E240D3B1CCC448B00508521 /* PurpleDownArrow.png */ = {isa = PBXFileReference; lastKnownFileType = image.png; name = PurpleDownArrow.png; path = Images/PurpleDownArrow.png; sourceTree = "<group>"; };
		9E240D3C1CCC448B00508521 /* PurpleUpArrow.png */ = {isa = PBXFileReference; lastKnownFileType = image.png; name = PurpleUpArrow.png; path = Images/PurpleUpArrow.png; sourceTree = "<group>"; };
/* End PBXFileReference section */

/* Begin PBXFrameworksBuildPhase section */
		2CC33F221CC89F4100A88BA3 /* Frameworks */ = {
			isa = PBXFrameworksBuildPhase;
			buildActionMask = 2147483647;
			files = (
			);
			runOnlyForDeploymentPostprocessing = 0;
		};
		2CC33F391CC89F4100A88BA3 /* Frameworks */ = {
			isa = PBXFrameworksBuildPhase;
			buildActionMask = 2147483647;
			files = (
			);
			runOnlyForDeploymentPostprocessing = 0;
		};
		2CC33F441CC89F4100A88BA3 /* Frameworks */ = {
			isa = PBXFrameworksBuildPhase;
			buildActionMask = 2147483647;
			files = (
			);
			runOnlyForDeploymentPostprocessing = 0;
		};
/* End PBXFrameworksBuildPhase section */

/* Begin PBXGroup section */
		2CC33F1C1CC89F4100A88BA3 = {
			isa = PBXGroup;
			children = (
				2CC33F271CC89F4100A88BA3 /* TopTen */,
				2CC33F3F1CC89F4100A88BA3 /* TopTenTests */,
				2CC33F4A1CC89F4100A88BA3 /* TopTenUITests */,
				2CC33F261CC89F4100A88BA3 /* Products */,
			);
			sourceTree = "<group>";
		};
		2CC33F261CC89F4100A88BA3 /* Products */ = {
			isa = PBXGroup;
			children = (
				2CC33F251CC89F4100A88BA3 /* TopTen.app */,
				2CC33F3C1CC89F4100A88BA3 /* TopTenTests.xctest */,
				2CC33F471CC89F4100A88BA3 /* TopTenUITests.xctest */,
			);
			name = Products;
			sourceTree = "<group>";
		};
		2CC33F271CC89F4100A88BA3 /* TopTen */ = {
			isa = PBXGroup;
			children = (
				9E240D381CCC445D00508521 /* Images */,
				2CC33F621CC8AAED00A88BA3 /* Controller */,
				2CC33F611CC8AAE700A88BA3 /* View */,
				2CC33F601CC8AAE100A88BA3 /* Model */,
				2CC33F281CC89F4100A88BA3 /* AppDelegate.swift */,
				2CC33F321CC89F4100A88BA3 /* Assets.xcassets */,
				2CC33F341CC89F4100A88BA3 /* LaunchScreen.storyboard */,
				2CC33F371CC89F4100A88BA3 /* Info.plist */,
				2CC33F2F1CC89F4100A88BA3 /* TopTen.xcdatamodeld */,
			);
			path = TopTen;
			sourceTree = "<group>";
		};
		2CC33F3F1CC89F4100A88BA3 /* TopTenTests */ = {
			isa = PBXGroup;
			children = (
				2CC33F401CC89F4100A88BA3 /* TopTenTests.swift */,
				2CC33F421CC89F4100A88BA3 /* Info.plist */,
			);
			path = TopTenTests;
			sourceTree = "<group>";
		};
		2CC33F4A1CC89F4100A88BA3 /* TopTenUITests */ = {
			isa = PBXGroup;
			children = (
				2CC33F4B1CC89F4100A88BA3 /* TopTenUITests.swift */,
				2CC33F4D1CC89F4100A88BA3 /* Info.plist */,
			);
			path = TopTenUITests;
			sourceTree = "<group>";
		};
		2CC33F601CC8AAE100A88BA3 /* Model */ = {
			isa = PBXGroup;
			children = (
				9E22F5B51CCC2EE3009C032D /* Topic.swift */,
				9E22F5B71CCC2EEB009C032D /* Item.swift */,
				9E22F5B91CCC2EF5009C032D /* User.swift */,
			);
			name = Model;
			sourceTree = "<group>";
		};
		2CC33F611CC8AAE700A88BA3 /* View */ = {
			isa = PBXGroup;
			children = (
				2CC33F2C1CC89F4100A88BA3 /* Main.storyboard */,
				9E22F5BD1CCC33A1009C032D /* TopicTableViewCell.swift */,
				9E22F5BF1CCC33BA009C032D /* ItemTableViewCell.swift */,
				9E22F5C11CCC33C7009C032D /* PotentialTopicTableViewCell.swift */,
			);
			name = View;
			sourceTree = "<group>";
		};
		2CC33F621CC8AAED00A88BA3 /* Controller */ = {
			isa = PBXGroup;
			children = (
				9E22F5AD1CCC2DD3009C032D /* TopicTableViewController.swift */,
				2CC33F591CC8A75400A88BA3 /* ItemViewController.swift */,
				2CC33F2A1CC89F4100A88BA3 /* ViewController.swift */,
				9E22F5BB1CCC2F61009C032D /* PotentialTopicViewController.swift */,
			);
			name = Controller;
			sourceTree = "<group>";
		};
		9E240D381CCC445D00508521 /* Images */ = {
			isa = PBXGroup;
			children = (
				9E240D391CCC448B00508521 /* GreyDownArrow.png */,
				9E240D3A1CCC448B00508521 /* GreyUpArrow.png */,
				9E240D3B1CCC448B00508521 /* PurpleDownArrow.png */,
				9E240D3C1CCC448B00508521 /* PurpleUpArrow.png */,
			);
			name = Images;
			sourceTree = "<group>";
		};
/* End PBXGroup section */

/* Begin PBXNativeTarget section */
		2CC33F241CC89F4100A88BA3 /* TopTen */ = {
			isa = PBXNativeTarget;
			buildConfigurationList = 2CC33F501CC89F4100A88BA3 /* Build configuration list for PBXNativeTarget "TopTen" */;
			buildPhases = (
				2CC33F211CC89F4100A88BA3 /* Sources */,
				2CC33F221CC89F4100A88BA3 /* Frameworks */,
				2CC33F231CC89F4100A88BA3 /* Resources */,
			);
			buildRules = (
			);
			dependencies = (
			);
			name = TopTen;
			productName = TopTen;
			productReference = 2CC33F251CC89F4100A88BA3 /* TopTen.app */;
			productType = "com.apple.product-type.application";
		};
		2CC33F3B1CC89F4100A88BA3 /* TopTenTests */ = {
			isa = PBXNativeTarget;
			buildConfigurationList = 2CC33F531CC89F4100A88BA3 /* Build configuration list for PBXNativeTarget "TopTenTests" */;
			buildPhases = (
				2CC33F381CC89F4100A88BA3 /* Sources */,
				2CC33F391CC89F4100A88BA3 /* Frameworks */,
				2CC33F3A1CC89F4100A88BA3 /* Resources */,
			);
			buildRules = (
			);
			dependencies = (
				2CC33F3E1CC89F4100A88BA3 /* PBXTargetDependency */,
			);
			name = TopTenTests;
			productName = TopTenTests;
			productReference = 2CC33F3C1CC89F4100A88BA3 /* TopTenTests.xctest */;
			productType = "com.apple.product-type.bundle.unit-test";
		};
		2CC33F461CC89F4100A88BA3 /* TopTenUITests */ = {
			isa = PBXNativeTarget;
			buildConfigurationList = 2CC33F561CC89F4100A88BA3 /* Build configuration list for PBXNativeTarget "TopTenUITests" */;
			buildPhases = (
				2CC33F431CC89F4100A88BA3 /* Sources */,
				2CC33F441CC89F4100A88BA3 /* Frameworks */,
				2CC33F451CC89F4100A88BA3 /* Resources */,
			);
			buildRules = (
			);
			dependencies = (
				2CC33F491CC89F4100A88BA3 /* PBXTargetDependency */,
			);
			name = TopTenUITests;
			productName = TopTenUITests;
			productReference = 2CC33F471CC89F4100A88BA3 /* TopTenUITests.xctest */;
			productType = "com.apple.product-type.bundle.ui-testing";
		};
/* End PBXNativeTarget section */

/* Begin PBXProject section */
		2CC33F1D1CC89F4100A88BA3 /* Project object */ = {
			isa = PBXProject;
			attributes = {
				LastSwiftUpdateCheck = 0730;
				LastUpgradeCheck = 0730;
				ORGANIZATIONNAME = "Ruijing and Jeanie";
				TargetAttributes = {
					2CC33F241CC89F4100A88BA3 = {
						CreatedOnToolsVersion = 7.3;
					};
					2CC33F3B1CC89F4100A88BA3 = {
						CreatedOnToolsVersion = 7.3;
						TestTargetID = 2CC33F241CC89F4100A88BA3;
					};
					2CC33F461CC89F4100A88BA3 = {
						CreatedOnToolsVersion = 7.3;
						TestTargetID = 2CC33F241CC89F4100A88BA3;
					};
				};
			};
			buildConfigurationList = 2CC33F201CC89F4100A88BA3 /* Build configuration list for PBXProject "TopTen" */;
			compatibilityVersion = "Xcode 3.2";
			developmentRegion = English;
			hasScannedForEncodings = 0;
			knownRegions = (
				en,
				Base,
			);
			mainGroup = 2CC33F1C1CC89F4100A88BA3;
			productRefGroup = 2CC33F261CC89F4100A88BA3 /* Products */;
			projectDirPath = "";
			projectRoot = "";
			targets = (
				2CC33F241CC89F4100A88BA3 /* TopTen */,
				2CC33F3B1CC89F4100A88BA3 /* TopTenTests */,
				2CC33F461CC89F4100A88BA3 /* TopTenUITests */,
			);
		};
/* End PBXProject section */

/* Begin PBXResourcesBuildPhase section */
		2CC33F231CC89F4100A88BA3 /* Resources */ = {
			isa = PBXResourcesBuildPhase;
			buildActionMask = 2147483647;
			files = (
				2CC33F361CC89F4100A88BA3 /* LaunchScreen.storyboard in Resources */,
				2CC33F331CC89F4100A88BA3 /* Assets.xcassets in Resources */,
				9E240D3E1CCC448B00508521 /* GreyUpArrow.png in Resources */,
				9E240D3D1CCC448B00508521 /* GreyDownArrow.png in Resources */,
				9E240D401CCC448B00508521 /* PurpleUpArrow.png in Resources */,
				2CC33F2E1CC89F4100A88BA3 /* Main.storyboard in Resources */,
				9E240D3F1CCC448B00508521 /* PurpleDownArrow.png in Resources */,
			);
			runOnlyForDeploymentPostprocessing = 0;
		};
		2CC33F3A1CC89F4100A88BA3 /* Resources */ = {
			isa = PBXResourcesBuildPhase;
			buildActionMask = 2147483647;
			files = (
			);
			runOnlyForDeploymentPostprocessing = 0;
		};
		2CC33F451CC89F4100A88BA3 /* Resources */ = {
			isa = PBXResourcesBuildPhase;
			buildActionMask = 2147483647;
			files = (
			);
			runOnlyForDeploymentPostprocessing = 0;
		};
/* End PBXResourcesBuildPhase section */

/* Begin PBXSourcesBuildPhase section */
		2CC33F211CC89F4100A88BA3 /* Sources */ = {
			isa = PBXSourcesBuildPhase;
			buildActionMask = 2147483647;
			files = (
				9E22F5AE1CCC2DD3009C032D /* TopicTableViewController.swift in Sources */,
				9E22F5B61CCC2EE3009C032D /* Topic.swift in Sources */,
				9E22F5C21CCC33C7009C032D /* PotentialTopicTableViewCell.swift in Sources */,
				2CC33F2B1CC89F4100A88BA3 /* ViewController.swift in Sources */,
				2CC33F291CC89F4100A88BA3 /* AppDelegate.swift in Sources */,
				9E22F5BA1CCC2EF5009C032D /* User.swift in Sources */,
				9E22F5BE1CCC33A1009C032D /* TopicTableViewCell.swift in Sources */,
				9E22F5BC1CCC2F61009C032D /* PotentialTopicViewController.swift in Sources */,
				9E22F5B81CCC2EEB009C032D /* Item.swift in Sources */,
				2CC33F5A1CC8A75400A88BA3 /* ItemViewController.swift in Sources */,
				9E22F5C01CCC33BA009C032D /* ItemTableViewCell.swift in Sources */,
				2CC33F311CC89F4100A88BA3 /* TopTen.xcdatamodeld in Sources */,
			);
			runOnlyForDeploymentPostprocessing = 0;
		};
		2CC33F381CC89F4100A88BA3 /* Sources */ = {
			isa = PBXSourcesBuildPhase;
			buildActionMask = 2147483647;
			files = (
				2CC33F411CC89F4100A88BA3 /* TopTenTests.swift in Sources */,
			);
			runOnlyForDeploymentPostprocessing = 0;
		};
		2CC33F431CC89F4100A88BA3 /* Sources */ = {
			isa = PBXSourcesBuildPhase;
			buildActionMask = 2147483647;
			files = (
				2CC33F4C1CC89F4100A88BA3 /* TopTenUITests.swift in Sources */,
			);
			runOnlyForDeploymentPostprocessing = 0;
		};
/* End PBXSourcesBuildPhase section */

/* Begin PBXTargetDependency section */
		2CC33F3E1CC89F4100A88BA3 /* PBXTargetDependency */ = {
			isa = PBXTargetDependency;
			target = 2CC33F241CC89F4100A88BA3 /* TopTen */;
			targetProxy = 2CC33F3D1CC89F4100A88BA3 /* PBXContainerItemProxy */;
		};
		2CC33F491CC89F4100A88BA3 /* PBXTargetDependency */ = {
			isa = PBXTargetDependency;
			target = 2CC33F241CC89F4100A88BA3 /* TopTen */;
			targetProxy = 2CC33F481CC89F4100A88BA3 /* PBXContainerItemProxy */;
		};
/* End PBXTargetDependency section */

/* Begin PBXVariantGroup section */
		2CC33F2C1CC89F4100A88BA3 /* Main.storyboard */ = {
			isa = PBXVariantGroup;
			children = (
				2CC33F2D1CC89F4100A88BA3 /* Base */,
			);
			name = Main.storyboard;
			sourceTree = "<group>";
		};
		2CC33F341CC89F4100A88BA3 /* LaunchScreen.storyboard */ = {
			isa = PBXVariantGroup;
			children = (
				2CC33F351CC89F4100A88BA3 /* Base */,
			);
			name = LaunchScreen.storyboard;
			sourceTree = "<group>";
		};
/* End PBXVariantGroup section */

/* Begin XCBuildConfiguration section */
		2CC33F4E1CC89F4100A88BA3 /* Debug */ = {
			isa = XCBuildConfiguration;
			buildSettings = {
				ALWAYS_SEARCH_USER_PATHS = NO;
				CLANG_ANALYZER_NONNULL = YES;
				CLANG_CXX_LANGUAGE_STANDARD = "gnu++0x";
				CLANG_CXX_LIBRARY = "libc++";
				CLANG_ENABLE_MODULES = YES;
				CLANG_ENABLE_OBJC_ARC = YES;
				CLANG_WARN_BOOL_CONVERSION = YES;
				CLANG_WARN_CONSTANT_CONVERSION = YES;
				CLANG_WARN_DIRECT_OBJC_ISA_USAGE = YES_ERROR;
				CLANG_WARN_EMPTY_BODY = YES;
				CLANG_WARN_ENUM_CONVERSION = YES;
				CLANG_WARN_INT_CONVERSION = YES;
				CLANG_WARN_OBJC_ROOT_CLASS = YES_ERROR;
				CLANG_WARN_UNREACHABLE_CODE = YES;
				CLANG_WARN__DUPLICATE_METHOD_MATCH = YES;
				"CODE_SIGN_IDENTITY[sdk=iphoneos*]" = "iPhone Developer";
				COPY_PHASE_STRIP = NO;
				DEBUG_INFORMATION_FORMAT = dwarf;
				ENABLE_STRICT_OBJC_MSGSEND = YES;
				ENABLE_TESTABILITY = YES;
				GCC_C_LANGUAGE_STANDARD = gnu99;
				GCC_DYNAMIC_NO_PIC = NO;
				GCC_NO_COMMON_BLOCKS = YES;
				GCC_OPTIMIZATION_LEVEL = 0;
				GCC_PREPROCESSOR_DEFINITIONS = (
					"DEBUG=1",
					"$(inherited)",
				);
				GCC_WARN_64_TO_32_BIT_CONVERSION = YES;
				GCC_WARN_ABOUT_RETURN_TYPE = YES_ERROR;
				GCC_WARN_UNDECLARED_SELECTOR = YES;
				GCC_WARN_UNINITIALIZED_AUTOS = YES_AGGRESSIVE;
				GCC_WARN_UNUSED_FUNCTION = YES;
				GCC_WARN_UNUSED_VARIABLE = YES;
				IPHONEOS_DEPLOYMENT_TARGET = 9.3;
				MTL_ENABLE_DEBUG_INFO = YES;
				ONLY_ACTIVE_ARCH = YES;
				SDKROOT = iphoneos;
				SWIFT_OPTIMIZATION_LEVEL = "-Onone";
			};
			name = Debug;
		};
		2CC33F4F1CC89F4100A88BA3 /* Release */ = {
			isa = XCBuildConfiguration;
			buildSettings = {
				ALWAYS_SEARCH_USER_PATHS = NO;
				CLANG_ANALYZER_NONNULL = YES;
				CLANG_CXX_LANGUAGE_STANDARD = "gnu++0x";
				CLANG_CXX_LIBRARY = "libc++";
				CLANG_ENABLE_MODULES = YES;
				CLANG_ENABLE_OBJC_ARC = YES;
				CLANG_WARN_BOOL_CONVERSION = YES;
				CLANG_WARN_CONSTANT_CONVERSION = YES;
				CLANG_WARN_DIRECT_OBJC_ISA_USAGE = YES_ERROR;
				CLANG_WARN_EMPTY_BODY = YES;
				CLANG_WARN_ENUM_CONVERSION = YES;
				CLANG_WARN_INT_CONVERSION = YES;
				CLANG_WARN_OBJC_ROOT_CLASS = YES_ERROR;
				CLANG_WARN_UNREACHABLE_CODE = YES;
				CLANG_WARN__DUPLICATE_METHOD_MATCH = YES;
				"CODE_SIGN_IDENTITY[sdk=iphoneos*]" = "iPhone Developer";
				COPY_PHASE_STRIP = NO;
				DEBUG_INFORMATION_FORMAT = "dwarf-with-dsym";
				ENABLE_NS_ASSERTIONS = NO;
				ENABLE_STRICT_OBJC_MSGSEND = YES;
				GCC_C_LANGUAGE_STANDARD = gnu99;
				GCC_NO_COMMON_BLOCKS = YES;
				GCC_WARN_64_TO_32_BIT_CONVERSION = YES;
				GCC_WARN_ABOUT_RETURN_TYPE = YES_ERROR;
				GCC_WARN_UNDECLARED_SELECTOR = YES;
				GCC_WARN_UNINITIALIZED_AUTOS = YES_AGGRESSIVE;
				GCC_WARN_UNUSED_FUNCTION = YES;
				GCC_WARN_UNUSED_VARIABLE = YES;
				IPHONEOS_DEPLOYMENT_TARGET = 9.3;
				MTL_ENABLE_DEBUG_INFO = NO;
				SDKROOT = iphoneos;
				VALIDATE_PRODUCT = YES;
			};
			name = Release;
		};
		2CC33F511CC89F4100A88BA3 /* Debug */ = {
			isa = XCBuildConfiguration;
			buildSettings = {
				ASSETCATALOG_COMPILER_APPICON_NAME = AppIcon;
				INFOPLIST_FILE = TopTen/Info.plist;
				LD_RUNPATH_SEARCH_PATHS = "$(inherited) @executable_path/Frameworks";
				PRODUCT_BUNDLE_IDENTIFIER = com.example.TopTen;
				PRODUCT_NAME = "$(TARGET_NAME)";
			};
			name = Debug;
		};
		2CC33F521CC89F4100A88BA3 /* Release */ = {
			isa = XCBuildConfiguration;
			buildSettings = {
				ASSETCATALOG_COMPILER_APPICON_NAME = AppIcon;
				INFOPLIST_FILE = TopTen/Info.plist;
				LD_RUNPATH_SEARCH_PATHS = "$(inherited) @executable_path/Frameworks";
				PRODUCT_BUNDLE_IDENTIFIER = com.example.TopTen;
				PRODUCT_NAME = "$(TARGET_NAME)";
			};
			name = Release;
		};
		2CC33F541CC89F4100A88BA3 /* Debug */ = {
			isa = XCBuildConfiguration;
			buildSettings = {
				BUNDLE_LOADER = "$(TEST_HOST)";
				INFOPLIST_FILE = TopTenTests/Info.plist;
				LD_RUNPATH_SEARCH_PATHS = "$(inherited) @executable_path/Frameworks @loader_path/Frameworks";
				PRODUCT_BUNDLE_IDENTIFIER = com.example.TopTenTests;
				PRODUCT_NAME = "$(TARGET_NAME)";
				TEST_HOST = "$(BUILT_PRODUCTS_DIR)/TopTen.app/TopTen";
			};
			name = Debug;
		};
		2CC33F551CC89F4100A88BA3 /* Release */ = {
			isa = XCBuildConfiguration;
			buildSettings = {
				BUNDLE_LOADER = "$(TEST_HOST)";
				INFOPLIST_FILE = TopTenTests/Info.plist;
				LD_RUNPATH_SEARCH_PATHS = "$(inherited) @executable_path/Frameworks @loader_path/Frameworks";
				PRODUCT_BUNDLE_IDENTIFIER = com.example.TopTenTests;
				PRODUCT_NAME = "$(TARGET_NAME)";
				TEST_HOST = "$(BUILT_PRODUCTS_DIR)/TopTen.app/TopTen";
			};
			name = Release;
		};
		2CC33F571CC89F4100A88BA3 /* Debug */ = {
			isa = XCBuildConfiguration;
			buildSettings = {
				INFOPLIST_FILE = TopTenUITests/Info.plist;
				LD_RUNPATH_SEARCH_PATHS = "$(inherited) @executable_path/Frameworks @loader_path/Frameworks";
				PRODUCT_BUNDLE_IDENTIFIER = com.example.TopTenUITests;
				PRODUCT_NAME = "$(TARGET_NAME)";
				TEST_TARGET_NAME = TopTen;
			};
			name = Debug;
		};
		2CC33F581CC89F4100A88BA3 /* Release */ = {
			isa = XCBuildConfiguration;
			buildSettings = {
				INFOPLIST_FILE = TopTenUITests/Info.plist;
				LD_RUNPATH_SEARCH_PATHS = "$(inherited) @executable_path/Frameworks @loader_path/Frameworks";
				PRODUCT_BUNDLE_IDENTIFIER = com.example.TopTenUITests;
				PRODUCT_NAME = "$(TARGET_NAME)";
				TEST_TARGET_NAME = TopTen;
			};
			name = Release;
		};
/* End XCBuildConfiguration section */

/* Begin XCConfigurationList section */
		2CC33F201CC89F4100A88BA3 /* Build configuration list for PBXProject "TopTen" */ = {
			isa = XCConfigurationList;
			buildConfigurations = (
				2CC33F4E1CC89F4100A88BA3 /* Debug */,
				2CC33F4F1CC89F4100A88BA3 /* Release */,
			);
			defaultConfigurationIsVisible = 0;
			defaultConfigurationName = Release;
		};
		2CC33F501CC89F4100A88BA3 /* Build configuration list for PBXNativeTarget "TopTen" */ = {
			isa = XCConfigurationList;
			buildConfigurations = (
				2CC33F511CC89F4100A88BA3 /* Debug */,
				2CC33F521CC89F4100A88BA3 /* Release */,
			);
			defaultConfigurationIsVisible = 0;
			defaultConfigurationName = Release;
		};
		2CC33F531CC89F4100A88BA3 /* Build configuration list for PBXNativeTarget "TopTenTests" */ = {
			isa = XCConfigurationList;
			buildConfigurations = (
				2CC33F541CC89F4100A88BA3 /* Debug */,
				2CC33F551CC89F4100A88BA3 /* Release */,
			);
			defaultConfigurationIsVisible = 0;
			defaultConfigurationName = Release;
		};
		2CC33F561CC89F4100A88BA3 /* Build configuration list for PBXNativeTarget "TopTenUITests" */ = {
			isa = XCConfigurationList;
			buildConfigurations = (
				2CC33F571CC89F4100A88BA3 /* Debug */,
				2CC33F581CC89F4100A88BA3 /* Release */,
			);
			defaultConfigurationIsVisible = 0;
			defaultConfigurationName = Release;
		};
/* End XCConfigurationList section */

/* Begin XCVersionGroup section */
		2CC33F2F1CC89F4100A88BA3 /* TopTen.xcdatamodeld */ = {
			isa = XCVersionGroup;
			children = (
				2CC33F301CC89F4100A88BA3 /* TopTen.xcdatamodel */,
			);
			currentVersion = 2CC33F301CC89F4100A88BA3 /* TopTen.xcdatamodel */;
			path = TopTen.xcdatamodeld;
			sourceTree = "<group>";
			versionGroupType = wrapper.xcdatamodel;
		};
/* End XCVersionGroup section */
	};
	rootObject = 2CC33F1D1CC89F4100A88BA3 /* Project object */;
}
