<?xml version="1.0" encoding="UTF-8"?>
<!DOCTYPE plist PUBLIC "-//Apple//DTD PLIST 1.0//EN" "http://www.apple.com/DTDs/PropertyList-1.0.dtd">
<plist version="1.0">
<dict>
	<key>archiveVersion</key>
	<string>1</string>
	<key>classes</key>
	<dict/>
	<key>objectVersion</key>
	<string>46</string>
	<key>objects</key>
	<dict>
		<key>2CC33F1C1CC89F4100A88BA3</key>
		<dict>
			<key>children</key>
			<array>
				<string>2CEF39CA1CD1DDB700801668</string>
				<string>2CEF39C91CD1DDB700801668</string>
				<string>2CEF39C81CD1DDB700801668</string>
				<string>2CEF39C71CD1DDB700801668</string>
				<string>2CC33F271CC89F4100A88BA3</string>
				<string>2CC33F3F1CC89F4100A88BA3</string>
				<string>2CC33F4A1CC89F4100A88BA3</string>
				<string>2CC33F261CC89F4100A88BA3</string>
				<string>A572658FC5C137098EE75AE1</string>
				<string>86B4636F9FE835BC87E3432E</string>
			</array>
			<key>isa</key>
			<string>PBXGroup</string>
			<key>sourceTree</key>
			<string>&lt;group&gt;</string>
		</dict>
		<key>2CC33F1D1CC89F4100A88BA3</key>
		<dict>
			<key>attributes</key>
			<dict>
				<key>LastSwiftUpdateCheck</key>
				<string>0730</string>
				<key>LastUpgradeCheck</key>
				<string>0730</string>
				<key>ORGANIZATIONNAME</key>
				<string>Ruijing and Jeanie</string>
				<key>TargetAttributes</key>
				<dict>
					<key>2CC33F241CC89F4100A88BA3</key>
					<dict>
						<key>CreatedOnToolsVersion</key>
						<string>7.3</string>
					</dict>
					<key>2CC33F3B1CC89F4100A88BA3</key>
					<dict>
						<key>CreatedOnToolsVersion</key>
						<string>7.3</string>
						<key>TestTargetID</key>
						<string>2CC33F241CC89F4100A88BA3</string>
					</dict>
					<key>2CC33F461CC89F4100A88BA3</key>
					<dict>
						<key>CreatedOnToolsVersion</key>
						<string>7.3</string>
						<key>TestTargetID</key>
						<string>2CC33F241CC89F4100A88BA3</string>
					</dict>
				</dict>
			</dict>
			<key>buildConfigurationList</key>
			<string>2CC33F201CC89F4100A88BA3</string>
			<key>compatibilityVersion</key>
			<string>Xcode 3.2</string>
			<key>developmentRegion</key>
			<string>English</string>
			<key>hasScannedForEncodings</key>
			<string>0</string>
			<key>isa</key>
			<string>PBXProject</string>
			<key>knownRegions</key>
			<array>
				<string>en</string>
				<string>Base</string>
			</array>
			<key>mainGroup</key>
			<string>2CC33F1C1CC89F4100A88BA3</string>
			<key>productRefGroup</key>
			<string>2CC33F261CC89F4100A88BA3</string>
			<key>projectDirPath</key>
			<string></string>
			<key>projectReferences</key>
			<array/>
			<key>projectRoot</key>
			<string></string>
			<key>targets</key>
			<array>
				<string>2CC33F241CC89F4100A88BA3</string>
				<string>2CC33F3B1CC89F4100A88BA3</string>
				<string>2CC33F461CC89F4100A88BA3</string>
			</array>
		</dict>
		<key>2CC33F201CC89F4100A88BA3</key>
		<dict>
			<key>buildConfigurations</key>
			<array>
				<string>2CC33F4E1CC89F4100A88BA3</string>
				<string>2CC33F4F1CC89F4100A88BA3</string>
			</array>
			<key>defaultConfigurationIsVisible</key>
			<string>0</string>
			<key>defaultConfigurationName</key>
			<string>Release</string>
			<key>isa</key>
			<string>XCConfigurationList</string>
		</dict>
		<key>2CC33F211CC89F4100A88BA3</key>
		<dict>
			<key>buildActionMask</key>
			<string>2147483647</string>
			<key>files</key>
			<array>
				<string>9E22F5AE1CCC2DD3009C032D</string>
				<string>9E22F5B61CCC2EE3009C032D</string>
				<string>9E22F5C21CCC33C7009C032D</string>
				<string>2CC33F2B1CC89F4100A88BA3</string>
				<string>2CC33F291CC89F4100A88BA3</string>
				<string>9E22F5BA1CCC2EF5009C032D</string>
				<string>9E22F5BE1CCC33A1009C032D</string>
				<string>9E22F5BC1CCC2F61009C032D</string>
				<string>9E22F5B81CCC2EEB009C032D</string>
				<string>2CC33F5A1CC8A75400A88BA3</string>
				<string>9E22F5C01CCC33BA009C032D</string>
				<string>2CC33F311CC89F4100A88BA3</string>
			</array>
			<key>isa</key>
			<string>PBXSourcesBuildPhase</string>
			<key>runOnlyForDeploymentPostprocessing</key>
			<string>0</string>
		</dict>
		<key>2CC33F221CC89F4100A88BA3</key>
		<dict>
			<key>buildActionMask</key>
			<string>2147483647</string>
			<key>files</key>
			<array>
				<string>2CEF39CB1CD1DDB700801668</string>
				<string>2CEF39CE1CD1DDB700801668</string>
				<string>2CEF39CC1CD1DDB700801668</string>
				<string>7AE10D20559C5739A61E9BE7</string>
			</array>
			<key>isa</key>
			<string>PBXFrameworksBuildPhase</string>
			<key>runOnlyForDeploymentPostprocessing</key>
			<string>0</string>
		</dict>
		<key>2CC33F231CC89F4100A88BA3</key>
		<dict>
			<key>buildActionMask</key>
			<string>2147483647</string>
			<key>files</key>
			<array>
				<string>2CEF39CD1CD1DDB700801668</string>
				<string>2CC33F361CC89F4100A88BA3</string>
				<string>2CC33F331CC89F4100A88BA3</string>
				<string>9E240D3E1CCC448B00508521</string>
				<string>9E240D3D1CCC448B00508521</string>
				<string>9E240D401CCC448B00508521</string>
				<string>2CC33F2E1CC89F4100A88BA3</string>
				<string>9E240D3F1CCC448B00508521</string>
			</array>
			<key>isa</key>
			<string>PBXResourcesBuildPhase</string>
			<key>runOnlyForDeploymentPostprocessing</key>
			<string>0</string>
		</dict>
		<key>2CC33F241CC89F4100A88BA3</key>
		<dict>
			<key>buildConfigurationList</key>
			<string>2CC33F501CC89F4100A88BA3</string>
			<key>buildPhases</key>
			<array>
				<string>58EFFCA0FE77A97A47CB29E9</string>
				<string>2CC33F211CC89F4100A88BA3</string>
				<string>2CC33F221CC89F4100A88BA3</string>
				<string>2CC33F231CC89F4100A88BA3</string>
				<string>2CEF39C61CD1DD5A00801668</string>
				<string>71E5C396789205261176589C</string>
				<string>335981BC66E47E5E7B798443</string>
			</array>
			<key>buildRules</key>
			<array/>
			<key>dependencies</key>
			<array/>
			<key>isa</key>
			<string>PBXNativeTarget</string>
			<key>name</key>
			<string>TopTen</string>
			<key>productName</key>
			<string>TopTen</string>
			<key>productReference</key>
			<string>2CC33F251CC89F4100A88BA3</string>
			<key>productType</key>
			<string>com.apple.product-type.application</string>
		</dict>
		<key>2CC33F251CC89F4100A88BA3</key>
		<dict>
			<key>explicitFileType</key>
			<string>wrapper.application</string>
			<key>includeInIndex</key>
			<string>0</string>
			<key>isa</key>
			<string>PBXFileReference</string>
			<key>path</key>
			<string>TopTen.app</string>
			<key>sourceTree</key>
			<string>BUILT_PRODUCTS_DIR</string>
		</dict>
		<key>2CC33F261CC89F4100A88BA3</key>
		<dict>
			<key>children</key>
			<array>
				<string>2CC33F251CC89F4100A88BA3</string>
				<string>2CC33F3C1CC89F4100A88BA3</string>
				<string>2CC33F471CC89F4100A88BA3</string>
			</array>
			<key>isa</key>
			<string>PBXGroup</string>
			<key>name</key>
			<string>Products</string>
			<key>sourceTree</key>
			<string>&lt;group&gt;</string>
		</dict>
		<key>2CC33F271CC89F4100A88BA3</key>
		<dict>
			<key>children</key>
			<array>
				<string>9E240D381CCC445D00508521</string>
				<string>2CC33F621CC8AAED00A88BA3</string>
				<string>2CC33F611CC8AAE700A88BA3</string>
				<string>2CC33F601CC8AAE100A88BA3</string>
				<string>2CC33F281CC89F4100A88BA3</string>
				<string>2CC33F321CC89F4100A88BA3</string>
				<string>2CC33F341CC89F4100A88BA3</string>
				<string>2CC33F371CC89F4100A88BA3</string>
				<string>2CC33F2F1CC89F4100A88BA3</string>
			</array>
			<key>isa</key>
			<string>PBXGroup</string>
			<key>path</key>
			<string>TopTen</string>
			<key>sourceTree</key>
			<string>&lt;group&gt;</string>
		</dict>
		<key>2CC33F281CC89F4100A88BA3</key>
		<dict>
			<key>isa</key>
			<string>PBXFileReference</string>
			<key>lastKnownFileType</key>
			<string>sourcecode.swift</string>
			<key>path</key>
			<string>AppDelegate.swift</string>
			<key>sourceTree</key>
			<string>&lt;group&gt;</string>
		</dict>
		<key>2CC33F291CC89F4100A88BA3</key>
		<dict>
			<key>fileRef</key>
			<string>2CC33F281CC89F4100A88BA3</string>
			<key>isa</key>
			<string>PBXBuildFile</string>
		</dict>
		<key>2CC33F2A1CC89F4100A88BA3</key>
		<dict>
			<key>isa</key>
			<string>PBXFileReference</string>
			<key>lastKnownFileType</key>
			<string>sourcecode.swift</string>
			<key>path</key>
			<string>ViewController.swift</string>
			<key>sourceTree</key>
			<string>&lt;group&gt;</string>
		</dict>
		<key>2CC33F2B1CC89F4100A88BA3</key>
		<dict>
			<key>fileRef</key>
			<string>2CC33F2A1CC89F4100A88BA3</string>
			<key>isa</key>
			<string>PBXBuildFile</string>
		</dict>
		<key>2CC33F2C1CC89F4100A88BA3</key>
		<dict>
			<key>children</key>
			<array>
				<string>2CC33F2D1CC89F4100A88BA3</string>
			</array>
			<key>isa</key>
			<string>PBXVariantGroup</string>
			<key>name</key>
			<string>Main.storyboard</string>
			<key>sourceTree</key>
			<string>&lt;group&gt;</string>
		</dict>
		<key>2CC33F2D1CC89F4100A88BA3</key>
		<dict>
			<key>isa</key>
			<string>PBXFileReference</string>
			<key>lastKnownFileType</key>
			<string>file.storyboard</string>
			<key>name</key>
			<string>Base</string>
			<key>path</key>
			<string>Base.lproj/Main.storyboard</string>
			<key>sourceTree</key>
			<string>&lt;group&gt;</string>
		</dict>
		<key>2CC33F2E1CC89F4100A88BA3</key>
		<dict>
			<key>fileRef</key>
			<string>2CC33F2C1CC89F4100A88BA3</string>
			<key>isa</key>
			<string>PBXBuildFile</string>
		</dict>
		<key>2CC33F2F1CC89F4100A88BA3</key>
		<dict>
			<key>children</key>
			<array>
				<string>2CC33F301CC89F4100A88BA3</string>
			</array>
			<key>currentVersion</key>
			<string>2CC33F301CC89F4100A88BA3</string>
			<key>isa</key>
			<string>XCVersionGroup</string>
			<key>path</key>
			<string>TopTen.xcdatamodeld</string>
			<key>sourceTree</key>
			<string>&lt;group&gt;</string>
			<key>versionGroupType</key>
			<string>wrapper.xcdatamodel</string>
		</dict>
		<key>2CC33F301CC89F4100A88BA3</key>
		<dict>
			<key>isa</key>
			<string>PBXFileReference</string>
			<key>lastKnownFileType</key>
			<string>wrapper.xcdatamodel</string>
			<key>path</key>
			<string>TopTen.xcdatamodel</string>
			<key>sourceTree</key>
			<string>&lt;group&gt;</string>
		</dict>
		<key>2CC33F311CC89F4100A88BA3</key>
		<dict>
			<key>fileRef</key>
			<string>2CC33F2F1CC89F4100A88BA3</string>
			<key>isa</key>
			<string>PBXBuildFile</string>
		</dict>
		<key>2CC33F321CC89F4100A88BA3</key>
		<dict>
			<key>isa</key>
			<string>PBXFileReference</string>
			<key>lastKnownFileType</key>
			<string>folder.assetcatalog</string>
			<key>path</key>
			<string>Assets.xcassets</string>
			<key>sourceTree</key>
			<string>&lt;group&gt;</string>
		</dict>
		<key>2CC33F331CC89F4100A88BA3</key>
		<dict>
			<key>fileRef</key>
			<string>2CC33F321CC89F4100A88BA3</string>
			<key>isa</key>
			<string>PBXBuildFile</string>
		</dict>
		<key>2CC33F341CC89F4100A88BA3</key>
		<dict>
			<key>children</key>
			<array>
				<string>2CC33F351CC89F4100A88BA3</string>
			</array>
			<key>isa</key>
			<string>PBXVariantGroup</string>
			<key>name</key>
			<string>LaunchScreen.storyboard</string>
			<key>sourceTree</key>
			<string>&lt;group&gt;</string>
		</dict>
		<key>2CC33F351CC89F4100A88BA3</key>
		<dict>
			<key>isa</key>
			<string>PBXFileReference</string>
			<key>lastKnownFileType</key>
			<string>file.storyboard</string>
			<key>name</key>
			<string>Base</string>
			<key>path</key>
			<string>Base.lproj/LaunchScreen.storyboard</string>
			<key>sourceTree</key>
			<string>&lt;group&gt;</string>
		</dict>
		<key>2CC33F361CC89F4100A88BA3</key>
		<dict>
			<key>fileRef</key>
			<string>2CC33F341CC89F4100A88BA3</string>
			<key>isa</key>
			<string>PBXBuildFile</string>
		</dict>
		<key>2CC33F371CC89F4100A88BA3</key>
		<dict>
			<key>isa</key>
			<string>PBXFileReference</string>
			<key>lastKnownFileType</key>
			<string>text.plist.xml</string>
			<key>path</key>
			<string>Info.plist</string>
			<key>sourceTree</key>
			<string>&lt;group&gt;</string>
		</dict>
		<key>2CC33F381CC89F4100A88BA3</key>
		<dict>
			<key>buildActionMask</key>
			<string>2147483647</string>
			<key>files</key>
			<array>
				<string>2CC33F411CC89F4100A88BA3</string>
			</array>
			<key>isa</key>
			<string>PBXSourcesBuildPhase</string>
			<key>runOnlyForDeploymentPostprocessing</key>
			<string>0</string>
		</dict>
		<key>2CC33F391CC89F4100A88BA3</key>
		<dict>
			<key>buildActionMask</key>
			<string>2147483647</string>
			<key>files</key>
			<array/>
			<key>isa</key>
			<string>PBXFrameworksBuildPhase</string>
			<key>runOnlyForDeploymentPostprocessing</key>
			<string>0</string>
		</dict>
		<key>2CC33F3A1CC89F4100A88BA3</key>
		<dict>
			<key>buildActionMask</key>
			<string>2147483647</string>
			<key>files</key>
			<array/>
			<key>isa</key>
			<string>PBXResourcesBuildPhase</string>
			<key>runOnlyForDeploymentPostprocessing</key>
			<string>0</string>
		</dict>
		<key>2CC33F3B1CC89F4100A88BA3</key>
		<dict>
			<key>buildConfigurationList</key>
			<string>2CC33F531CC89F4100A88BA3</string>
			<key>buildPhases</key>
			<array>
				<string>2CC33F381CC89F4100A88BA3</string>
				<string>2CC33F391CC89F4100A88BA3</string>
				<string>2CC33F3A1CC89F4100A88BA3</string>
			</array>
			<key>buildRules</key>
			<array/>
			<key>dependencies</key>
			<array>
				<string>2CC33F3E1CC89F4100A88BA3</string>
			</array>
			<key>isa</key>
			<string>PBXNativeTarget</string>
			<key>name</key>
			<string>TopTenTests</string>
			<key>productName</key>
			<string>TopTenTests</string>
			<key>productReference</key>
			<string>2CC33F3C1CC89F4100A88BA3</string>
			<key>productType</key>
			<string>com.apple.product-type.bundle.unit-test</string>
		</dict>
		<key>2CC33F3C1CC89F4100A88BA3</key>
		<dict>
			<key>explicitFileType</key>
			<string>wrapper.cfbundle</string>
			<key>includeInIndex</key>
			<string>0</string>
			<key>isa</key>
			<string>PBXFileReference</string>
			<key>path</key>
			<string>TopTenTests.xctest</string>
			<key>sourceTree</key>
			<string>BUILT_PRODUCTS_DIR</string>
		</dict>
		<key>2CC33F3D1CC89F4100A88BA3</key>
		<dict>
			<key>containerPortal</key>
			<string>2CC33F1D1CC89F4100A88BA3</string>
			<key>isa</key>
			<string>PBXContainerItemProxy</string>
			<key>proxyType</key>
			<string>1</string>
			<key>remoteGlobalIDString</key>
			<string>2CC33F241CC89F4100A88BA3</string>
			<key>remoteInfo</key>
			<string>TopTen</string>
		</dict>
		<key>2CC33F3E1CC89F4100A88BA3</key>
		<dict>
			<key>isa</key>
			<string>PBXTargetDependency</string>
			<key>target</key>
			<string>2CC33F241CC89F4100A88BA3</string>
			<key>targetProxy</key>
			<string>2CC33F3D1CC89F4100A88BA3</string>
		</dict>
		<key>2CC33F3F1CC89F4100A88BA3</key>
		<dict>
			<key>children</key>
			<array>
				<string>2CC33F401CC89F4100A88BA3</string>
				<string>2CC33F421CC89F4100A88BA3</string>
			</array>
			<key>isa</key>
			<string>PBXGroup</string>
			<key>path</key>
			<string>TopTenTests</string>
			<key>sourceTree</key>
			<string>&lt;group&gt;</string>
		</dict>
		<key>2CC33F401CC89F4100A88BA3</key>
		<dict>
			<key>isa</key>
			<string>PBXFileReference</string>
			<key>lastKnownFileType</key>
			<string>sourcecode.swift</string>
			<key>path</key>
			<string>TopTenTests.swift</string>
			<key>sourceTree</key>
			<string>&lt;group&gt;</string>
		</dict>
		<key>2CC33F411CC89F4100A88BA3</key>
		<dict>
			<key>fileRef</key>
			<string>2CC33F401CC89F4100A88BA3</string>
			<key>isa</key>
			<string>PBXBuildFile</string>
		</dict>
		<key>2CC33F421CC89F4100A88BA3</key>
		<dict>
			<key>isa</key>
			<string>PBXFileReference</string>
			<key>lastKnownFileType</key>
			<string>text.plist.xml</string>
			<key>path</key>
			<string>Info.plist</string>
			<key>sourceTree</key>
			<string>&lt;group&gt;</string>
		</dict>
		<key>2CC33F431CC89F4100A88BA3</key>
		<dict>
			<key>buildActionMask</key>
			<string>2147483647</string>
			<key>files</key>
			<array>
				<string>2CC33F4C1CC89F4100A88BA3</string>
			</array>
			<key>isa</key>
			<string>PBXSourcesBuildPhase</string>
			<key>runOnlyForDeploymentPostprocessing</key>
			<string>0</string>
		</dict>
		<key>2CC33F441CC89F4100A88BA3</key>
		<dict>
			<key>buildActionMask</key>
			<string>2147483647</string>
			<key>files</key>
			<array/>
			<key>isa</key>
			<string>PBXFrameworksBuildPhase</string>
			<key>runOnlyForDeploymentPostprocessing</key>
			<string>0</string>
		</dict>
		<key>2CC33F451CC89F4100A88BA3</key>
		<dict>
			<key>buildActionMask</key>
			<string>2147483647</string>
			<key>files</key>
			<array/>
			<key>isa</key>
			<string>PBXResourcesBuildPhase</string>
			<key>runOnlyForDeploymentPostprocessing</key>
			<string>0</string>
		</dict>
		<key>2CC33F461CC89F4100A88BA3</key>
		<dict>
			<key>buildConfigurationList</key>
			<string>2CC33F561CC89F4100A88BA3</string>
			<key>buildPhases</key>
			<array>
				<string>2CC33F431CC89F4100A88BA3</string>
				<string>2CC33F441CC89F4100A88BA3</string>
				<string>2CC33F451CC89F4100A88BA3</string>
			</array>
			<key>buildRules</key>
			<array/>
			<key>dependencies</key>
			<array>
				<string>2CC33F491CC89F4100A88BA3</string>
			</array>
			<key>isa</key>
			<string>PBXNativeTarget</string>
			<key>name</key>
			<string>TopTenUITests</string>
			<key>productName</key>
			<string>TopTenUITests</string>
			<key>productReference</key>
			<string>2CC33F471CC89F4100A88BA3</string>
			<key>productType</key>
			<string>com.apple.product-type.bundle.ui-testing</string>
		</dict>
		<key>2CC33F471CC89F4100A88BA3</key>
		<dict>
			<key>explicitFileType</key>
			<string>wrapper.cfbundle</string>
			<key>includeInIndex</key>
			<string>0</string>
			<key>isa</key>
			<string>PBXFileReference</string>
			<key>path</key>
			<string>TopTenUITests.xctest</string>
			<key>sourceTree</key>
			<string>BUILT_PRODUCTS_DIR</string>
		</dict>
		<key>2CC33F481CC89F4100A88BA3</key>
		<dict>
			<key>containerPortal</key>
			<string>2CC33F1D1CC89F4100A88BA3</string>
			<key>isa</key>
			<string>PBXContainerItemProxy</string>
			<key>proxyType</key>
			<string>1</string>
			<key>remoteGlobalIDString</key>
			<string>2CC33F241CC89F4100A88BA3</string>
			<key>remoteInfo</key>
			<string>TopTen</string>
		</dict>
		<key>2CC33F491CC89F4100A88BA3</key>
		<dict>
			<key>isa</key>
			<string>PBXTargetDependency</string>
			<key>target</key>
			<string>2CC33F241CC89F4100A88BA3</string>
			<key>targetProxy</key>
			<string>2CC33F481CC89F4100A88BA3</string>
		</dict>
		<key>2CC33F4A1CC89F4100A88BA3</key>
		<dict>
			<key>children</key>
			<array>
				<string>2CC33F4B1CC89F4100A88BA3</string>
				<string>2CC33F4D1CC89F4100A88BA3</string>
			</array>
			<key>isa</key>
			<string>PBXGroup</string>
			<key>path</key>
			<string>TopTenUITests</string>
			<key>sourceTree</key>
			<string>&lt;group&gt;</string>
		</dict>
		<key>2CC33F4B1CC89F4100A88BA3</key>
		<dict>
			<key>isa</key>
			<string>PBXFileReference</string>
			<key>lastKnownFileType</key>
			<string>sourcecode.swift</string>
			<key>path</key>
			<string>TopTenUITests.swift</string>
			<key>sourceTree</key>
			<string>&lt;group&gt;</string>
		</dict>
		<key>2CC33F4C1CC89F4100A88BA3</key>
		<dict>
			<key>fileRef</key>
			<string>2CC33F4B1CC89F4100A88BA3</string>
			<key>isa</key>
			<string>PBXBuildFile</string>
		</dict>
		<key>2CC33F4D1CC89F4100A88BA3</key>
		<dict>
			<key>isa</key>
			<string>PBXFileReference</string>
			<key>lastKnownFileType</key>
			<string>text.plist.xml</string>
			<key>path</key>
			<string>Info.plist</string>
			<key>sourceTree</key>
			<string>&lt;group&gt;</string>
		</dict>
		<key>2CC33F4E1CC89F4100A88BA3</key>
		<dict>
			<key>buildSettings</key>
			<dict>
				<key>ALWAYS_SEARCH_USER_PATHS</key>
				<string>NO</string>
				<key>CLANG_ANALYZER_NONNULL</key>
				<string>YES</string>
				<key>CLANG_CXX_LANGUAGE_STANDARD</key>
				<string>gnu++0x</string>
				<key>CLANG_CXX_LIBRARY</key>
				<string>libc++</string>
				<key>CLANG_ENABLE_MODULES</key>
				<string>YES</string>
				<key>CLANG_ENABLE_OBJC_ARC</key>
				<string>YES</string>
				<key>CLANG_WARN_BOOL_CONVERSION</key>
				<string>YES</string>
				<key>CLANG_WARN_CONSTANT_CONVERSION</key>
				<string>YES</string>
				<key>CLANG_WARN_DIRECT_OBJC_ISA_USAGE</key>
				<string>YES_ERROR</string>
				<key>CLANG_WARN_EMPTY_BODY</key>
				<string>YES</string>
				<key>CLANG_WARN_ENUM_CONVERSION</key>
				<string>YES</string>
				<key>CLANG_WARN_INT_CONVERSION</key>
				<string>YES</string>
				<key>CLANG_WARN_OBJC_ROOT_CLASS</key>
				<string>YES_ERROR</string>
				<key>CLANG_WARN_UNREACHABLE_CODE</key>
				<string>YES</string>
				<key>CLANG_WARN__DUPLICATE_METHOD_MATCH</key>
				<string>YES</string>
				<key>CODE_SIGN_IDENTITY[sdk=iphoneos*]</key>
				<string>iPhone Developer</string>
				<key>COPY_PHASE_STRIP</key>
				<string>NO</string>
				<key>DEBUG_INFORMATION_FORMAT</key>
				<string>dwarf</string>
				<key>ENABLE_STRICT_OBJC_MSGSEND</key>
				<string>YES</string>
				<key>ENABLE_TESTABILITY</key>
				<string>YES</string>
				<key>GCC_C_LANGUAGE_STANDARD</key>
				<string>gnu99</string>
				<key>GCC_DYNAMIC_NO_PIC</key>
				<string>NO</string>
				<key>GCC_NO_COMMON_BLOCKS</key>
				<string>YES</string>
				<key>GCC_OPTIMIZATION_LEVEL</key>
				<string>0</string>
				<key>GCC_PREPROCESSOR_DEFINITIONS</key>
				<array>
					<string>DEBUG=1</string>
					<string>$(inherited)</string>
				</array>
				<key>GCC_WARN_64_TO_32_BIT_CONVERSION</key>
				<string>YES</string>
				<key>GCC_WARN_ABOUT_RETURN_TYPE</key>
				<string>YES_ERROR</string>
				<key>GCC_WARN_UNDECLARED_SELECTOR</key>
				<string>YES</string>
				<key>GCC_WARN_UNINITIALIZED_AUTOS</key>
				<string>YES_AGGRESSIVE</string>
				<key>GCC_WARN_UNUSED_FUNCTION</key>
				<string>YES</string>
				<key>GCC_WARN_UNUSED_VARIABLE</key>
				<string>YES</string>
				<key>IPHONEOS_DEPLOYMENT_TARGET</key>
				<string>9.3</string>
				<key>MTL_ENABLE_DEBUG_INFO</key>
				<string>YES</string>
				<key>ONLY_ACTIVE_ARCH</key>
				<string>YES</string>
				<key>SDKROOT</key>
				<string>iphoneos</string>
				<key>SWIFT_OPTIMIZATION_LEVEL</key>
				<string>-Onone</string>
			</dict>
			<key>isa</key>
			<string>XCBuildConfiguration</string>
			<key>name</key>
			<string>Debug</string>
		</dict>
		<key>2CC33F4F1CC89F4100A88BA3</key>
		<dict>
			<key>buildSettings</key>
			<dict>
				<key>ALWAYS_SEARCH_USER_PATHS</key>
				<string>NO</string>
				<key>CLANG_ANALYZER_NONNULL</key>
				<string>YES</string>
				<key>CLANG_CXX_LANGUAGE_STANDARD</key>
				<string>gnu++0x</string>
				<key>CLANG_CXX_LIBRARY</key>
				<string>libc++</string>
				<key>CLANG_ENABLE_MODULES</key>
				<string>YES</string>
				<key>CLANG_ENABLE_OBJC_ARC</key>
				<string>YES</string>
				<key>CLANG_WARN_BOOL_CONVERSION</key>
				<string>YES</string>
				<key>CLANG_WARN_CONSTANT_CONVERSION</key>
				<string>YES</string>
				<key>CLANG_WARN_DIRECT_OBJC_ISA_USAGE</key>
				<string>YES_ERROR</string>
				<key>CLANG_WARN_EMPTY_BODY</key>
				<string>YES</string>
				<key>CLANG_WARN_ENUM_CONVERSION</key>
				<string>YES</string>
				<key>CLANG_WARN_INT_CONVERSION</key>
				<string>YES</string>
				<key>CLANG_WARN_OBJC_ROOT_CLASS</key>
				<string>YES_ERROR</string>
				<key>CLANG_WARN_UNREACHABLE_CODE</key>
				<string>YES</string>
				<key>CLANG_WARN__DUPLICATE_METHOD_MATCH</key>
				<string>YES</string>
				<key>CODE_SIGN_IDENTITY[sdk=iphoneos*]</key>
				<string>iPhone Developer</string>
				<key>COPY_PHASE_STRIP</key>
				<string>NO</string>
				<key>DEBUG_INFORMATION_FORMAT</key>
				<string>dwarf-with-dsym</string>
				<key>ENABLE_NS_ASSERTIONS</key>
				<string>NO</string>
				<key>ENABLE_STRICT_OBJC_MSGSEND</key>
				<string>YES</string>
				<key>GCC_C_LANGUAGE_STANDARD</key>
				<string>gnu99</string>
				<key>GCC_NO_COMMON_BLOCKS</key>
				<string>YES</string>
				<key>GCC_WARN_64_TO_32_BIT_CONVERSION</key>
				<string>YES</string>
				<key>GCC_WARN_ABOUT_RETURN_TYPE</key>
				<string>YES_ERROR</string>
				<key>GCC_WARN_UNDECLARED_SELECTOR</key>
				<string>YES</string>
				<key>GCC_WARN_UNINITIALIZED_AUTOS</key>
				<string>YES_AGGRESSIVE</string>
				<key>GCC_WARN_UNUSED_FUNCTION</key>
				<string>YES</string>
				<key>GCC_WARN_UNUSED_VARIABLE</key>
				<string>YES</string>
				<key>IPHONEOS_DEPLOYMENT_TARGET</key>
				<string>9.3</string>
				<key>MTL_ENABLE_DEBUG_INFO</key>
				<string>NO</string>
				<key>SDKROOT</key>
				<string>iphoneos</string>
				<key>VALIDATE_PRODUCT</key>
				<string>YES</string>
			</dict>
			<key>isa</key>
			<string>XCBuildConfiguration</string>
			<key>name</key>
			<string>Release</string>
		</dict>
		<key>2CC33F501CC89F4100A88BA3</key>
		<dict>
			<key>buildConfigurations</key>
			<array>
				<string>2CC33F511CC89F4100A88BA3</string>
				<string>2CC33F521CC89F4100A88BA3</string>
			</array>
			<key>defaultConfigurationIsVisible</key>
			<string>0</string>
			<key>defaultConfigurationName</key>
			<string>Release</string>
			<key>isa</key>
			<string>XCConfigurationList</string>
		</dict>
		<key>2CC33F511CC89F4100A88BA3</key>
		<dict>
			<key>baseConfigurationReference</key>
			<string>AE0B9936E967259BC2E57B23</string>
			<key>buildSettings</key>
			<dict>
				<key>ASSETCATALOG_COMPILER_APPICON_NAME</key>
				<string>AppIcon</string>
				<key>FRAMEWORK_SEARCH_PATHS</key>
				<array>
					<string>$(inherited)</string>
					<string>$(PROJECT_DIR)</string>
				</array>
				<key>INFOPLIST_FILE</key>
				<string>TopTen/Info.plist</string>
				<key>LD_RUNPATH_SEARCH_PATHS</key>
				<string>$(inherited) @executable_path/Frameworks</string>
				<key>PRODUCT_BUNDLE_IDENTIFIER</key>
				<string>com.example.TopTen</string>
				<key>PRODUCT_NAME</key>
				<string>$(TARGET_NAME)</string>
			</dict>
			<key>isa</key>
			<string>XCBuildConfiguration</string>
			<key>name</key>
			<string>Debug</string>
		</dict>
		<key>2CC33F521CC89F4100A88BA3</key>
		<dict>
			<key>baseConfigurationReference</key>
			<string>F0CBA997CA331D8068585195</string>
			<key>buildSettings</key>
			<dict>
				<key>ASSETCATALOG_COMPILER_APPICON_NAME</key>
				<string>AppIcon</string>
				<key>FRAMEWORK_SEARCH_PATHS</key>
				<array>
					<string>$(inherited)</string>
					<string>$(PROJECT_DIR)</string>
				</array>
				<key>INFOPLIST_FILE</key>
				<string>TopTen/Info.plist</string>
				<key>LD_RUNPATH_SEARCH_PATHS</key>
				<string>$(inherited) @executable_path/Frameworks</string>
				<key>PRODUCT_BUNDLE_IDENTIFIER</key>
				<string>com.example.TopTen</string>
				<key>PRODUCT_NAME</key>
				<string>$(TARGET_NAME)</string>
			</dict>
			<key>isa</key>
			<string>XCBuildConfiguration</string>
			<key>name</key>
			<string>Release</string>
		</dict>
		<key>2CC33F531CC89F4100A88BA3</key>
		<dict>
			<key>buildConfigurations</key>
			<array>
				<string>2CC33F541CC89F4100A88BA3</string>
				<string>2CC33F551CC89F4100A88BA3</string>
			</array>
			<key>defaultConfigurationIsVisible</key>
			<string>0</string>
			<key>defaultConfigurationName</key>
			<string>Release</string>
			<key>isa</key>
			<string>XCConfigurationList</string>
		</dict>
		<key>2CC33F541CC89F4100A88BA3</key>
		<dict>
			<key>buildSettings</key>
			<dict>
				<key>BUNDLE_LOADER</key>
				<string>$(TEST_HOST)</string>
				<key>INFOPLIST_FILE</key>
				<string>TopTenTests/Info.plist</string>
				<key>LD_RUNPATH_SEARCH_PATHS</key>
				<string>$(inherited) @executable_path/Frameworks @loader_path/Frameworks</string>
				<key>PRODUCT_BUNDLE_IDENTIFIER</key>
				<string>com.example.TopTenTests</string>
				<key>PRODUCT_NAME</key>
				<string>$(TARGET_NAME)</string>
				<key>TEST_HOST</key>
				<string>$(BUILT_PRODUCTS_DIR)/TopTen.app/TopTen</string>
			</dict>
			<key>isa</key>
			<string>XCBuildConfiguration</string>
			<key>name</key>
			<string>Debug</string>
		</dict>
		<key>2CC33F551CC89F4100A88BA3</key>
		<dict>
			<key>buildSettings</key>
			<dict>
				<key>BUNDLE_LOADER</key>
				<string>$(TEST_HOST)</string>
				<key>INFOPLIST_FILE</key>
				<string>TopTenTests/Info.plist</string>
				<key>LD_RUNPATH_SEARCH_PATHS</key>
				<string>$(inherited) @executable_path/Frameworks @loader_path/Frameworks</string>
				<key>PRODUCT_BUNDLE_IDENTIFIER</key>
				<string>com.example.TopTenTests</string>
				<key>PRODUCT_NAME</key>
				<string>$(TARGET_NAME)</string>
				<key>TEST_HOST</key>
				<string>$(BUILT_PRODUCTS_DIR)/TopTen.app/TopTen</string>
			</dict>
			<key>isa</key>
			<string>XCBuildConfiguration</string>
			<key>name</key>
			<string>Release</string>
		</dict>
		<key>2CC33F561CC89F4100A88BA3</key>
		<dict>
			<key>buildConfigurations</key>
			<array>
				<string>2CC33F571CC89F4100A88BA3</string>
				<string>2CC33F581CC89F4100A88BA3</string>
			</array>
			<key>defaultConfigurationIsVisible</key>
			<string>0</string>
			<key>defaultConfigurationName</key>
			<string>Release</string>
			<key>isa</key>
			<string>XCConfigurationList</string>
		</dict>
		<key>2CC33F571CC89F4100A88BA3</key>
		<dict>
			<key>buildSettings</key>
			<dict>
				<key>INFOPLIST_FILE</key>
				<string>TopTenUITests/Info.plist</string>
				<key>LD_RUNPATH_SEARCH_PATHS</key>
				<string>$(inherited) @executable_path/Frameworks @loader_path/Frameworks</string>
				<key>PRODUCT_BUNDLE_IDENTIFIER</key>
				<string>com.example.TopTenUITests</string>
				<key>PRODUCT_NAME</key>
				<string>$(TARGET_NAME)</string>
				<key>TEST_TARGET_NAME</key>
				<string>TopTen</string>
			</dict>
			<key>isa</key>
			<string>XCBuildConfiguration</string>
			<key>name</key>
			<string>Debug</string>
		</dict>
		<key>2CC33F581CC89F4100A88BA3</key>
		<dict>
			<key>buildSettings</key>
			<dict>
				<key>INFOPLIST_FILE</key>
				<string>TopTenUITests/Info.plist</string>
				<key>LD_RUNPATH_SEARCH_PATHS</key>
				<string>$(inherited) @executable_path/Frameworks @loader_path/Frameworks</string>
				<key>PRODUCT_BUNDLE_IDENTIFIER</key>
				<string>com.example.TopTenUITests</string>
				<key>PRODUCT_NAME</key>
				<string>$(TARGET_NAME)</string>
				<key>TEST_TARGET_NAME</key>
				<string>TopTen</string>
			</dict>
			<key>isa</key>
			<string>XCBuildConfiguration</string>
			<key>name</key>
			<string>Release</string>
		</dict>
		<key>2CC33F591CC8A75400A88BA3</key>
		<dict>
			<key>fileEncoding</key>
			<string>4</string>
			<key>isa</key>
			<string>PBXFileReference</string>
			<key>lastKnownFileType</key>
			<string>sourcecode.swift</string>
			<key>path</key>
			<string>ItemTableViewController.swift</string>
			<key>sourceTree</key>
			<string>&lt;group&gt;</string>
		</dict>
		<key>2CC33F5A1CC8A75400A88BA3</key>
		<dict>
			<key>fileRef</key>
			<string>2CC33F591CC8A75400A88BA3</string>
			<key>isa</key>
			<string>PBXBuildFile</string>
		</dict>
		<key>2CC33F601CC8AAE100A88BA3</key>
		<dict>
			<key>children</key>
			<array>
				<string>9E22F5B51CCC2EE3009C032D</string>
				<string>9E22F5B71CCC2EEB009C032D</string>
				<string>9E22F5B91CCC2EF5009C032D</string>
			</array>
			<key>isa</key>
			<string>PBXGroup</string>
			<key>name</key>
			<string>Model</string>
			<key>sourceTree</key>
			<string>&lt;group&gt;</string>
		</dict>
		<key>2CC33F611CC8AAE700A88BA3</key>
		<dict>
			<key>children</key>
			<array>
				<string>2CC33F2C1CC89F4100A88BA3</string>
				<string>9E22F5BD1CCC33A1009C032D</string>
				<string>9E22F5BF1CCC33BA009C032D</string>
				<string>9E22F5C11CCC33C7009C032D</string>
			</array>
			<key>isa</key>
			<string>PBXGroup</string>
			<key>name</key>
			<string>View</string>
			<key>sourceTree</key>
			<string>&lt;group&gt;</string>
		</dict>
		<key>2CC33F621CC8AAED00A88BA3</key>
		<dict>
			<key>children</key>
			<array>
				<string>9E22F5AD1CCC2DD3009C032D</string>
				<string>2CC33F591CC8A75400A88BA3</string>
				<string>2CC33F2A1CC89F4100A88BA3</string>
				<string>9E22F5BB1CCC2F61009C032D</string>
			</array>
			<key>isa</key>
			<string>PBXGroup</string>
			<key>name</key>
			<string>Controller</string>
			<key>sourceTree</key>
			<string>&lt;group&gt;</string>
		</dict>
		<key>2CEF39C61CD1DD5A00801668</key>
		<dict>
			<key>buildActionMask</key>
			<string>2147483647</string>
			<key>files</key>
			<array/>
			<key>inputPaths</key>
			<array/>
			<key>isa</key>
			<string>PBXShellScriptBuildPhase</string>
			<key>outputPaths</key>
			<array/>
			<key>runOnlyForDeploymentPostprocessing</key>
			<string>0</string>
			<key>shellPath</key>
			<string>/bin/sh</string>
			<key>shellScript</key>
			<string>./Fabric.framework/run 3263b829d3289e1e80d166558c7fbc9c27dd2c24 56266e8a7ce17eb6c3eff4b15723cee2f91fbf03a5b800834b1414fab1bae11b</string>
		</dict>
		<key>2CEF39C71CD1DDB700801668</key>
		<dict>
			<key>isa</key>
			<string>PBXFileReference</string>
			<key>lastKnownFileType</key>
			<string>wrapper.framework</string>
			<key>path</key>
			<string>Fabric.framework</string>
			<key>sourceTree</key>
			<string>SOURCE_ROOT</string>
		</dict>
		<key>2CEF39C81CD1DDB700801668</key>
		<dict>
			<key>isa</key>
			<string>PBXFileReference</string>
			<key>lastKnownFileType</key>
			<string>wrapper.framework</string>
			<key>path</key>
			<string>TwitterKit.framework</string>
			<key>sourceTree</key>
			<string>SOURCE_ROOT</string>
		</dict>
		<key>2CEF39C91CD1DDB700801668</key>
		<dict>
			<key>isa</key>
			<string>PBXFileReference</string>
			<key>lastKnownFileType</key>
			<string>wrapper.plug-in</string>
			<key>name</key>
			<string>TwitterKitResources.bundle</string>
			<key>path</key>
			<string>TwitterKit.framework/Versions/A/Resources/TwitterKitResources.bundle</string>
			<key>sourceTree</key>
			<string>SOURCE_ROOT</string>
		</dict>
		<key>2CEF39CA1CD1DDB700801668</key>
		<dict>
			<key>isa</key>
			<string>PBXFileReference</string>
			<key>lastKnownFileType</key>
			<string>wrapper.framework</string>
			<key>path</key>
			<string>TwitterCore.framework</string>
			<key>sourceTree</key>
			<string>SOURCE_ROOT</string>
		</dict>
		<key>2CEF39CB1CD1DDB700801668</key>
		<dict>
			<key>fileRef</key>
			<string>2CEF39C71CD1DDB700801668</string>
			<key>isa</key>
			<string>PBXBuildFile</string>
		</dict>
		<key>2CEF39CC1CD1DDB700801668</key>
		<dict>
			<key>fileRef</key>
			<string>2CEF39C81CD1DDB700801668</string>
			<key>isa</key>
			<string>PBXBuildFile</string>
		</dict>
		<key>2CEF39CD1CD1DDB700801668</key>
		<dict>
			<key>fileRef</key>
			<string>2CEF39C91CD1DDB700801668</string>
			<key>isa</key>
			<string>PBXBuildFile</string>
		</dict>
		<key>2CEF39CE1CD1DDB700801668</key>
		<dict>
			<key>fileRef</key>
			<string>2CEF39CA1CD1DDB700801668</string>
			<key>isa</key>
			<string>PBXBuildFile</string>
		</dict>
		<key>335981BC66E47E5E7B798443</key>
		<dict>
			<key>buildActionMask</key>
			<string>2147483647</string>
			<key>files</key>
			<array/>
			<key>inputPaths</key>
			<array/>
			<key>isa</key>
			<string>PBXShellScriptBuildPhase</string>
			<key>name</key>
			<string>Copy Pods Resources</string>
			<key>outputPaths</key>
			<array/>
			<key>runOnlyForDeploymentPostprocessing</key>
			<string>0</string>
			<key>shellPath</key>
			<string>/bin/sh</string>
			<key>shellScript</key>
			<string>"${SRCROOT}/Pods/Target Support Files/Pods-TopTen/Pods-TopTen-resources.sh"
</string>
			<key>showEnvVarsInLog</key>
			<string>0</string>
		</dict>
		<key>58EFFCA0FE77A97A47CB29E9</key>
		<dict>
			<key>buildActionMask</key>
			<string>2147483647</string>
			<key>files</key>
			<array/>
			<key>inputPaths</key>
			<array/>
			<key>isa</key>
			<string>PBXShellScriptBuildPhase</string>
			<key>name</key>
			<string>Check Pods Manifest.lock</string>
			<key>outputPaths</key>
			<array/>
			<key>runOnlyForDeploymentPostprocessing</key>
			<string>0</string>
			<key>shellPath</key>
			<string>/bin/sh</string>
			<key>shellScript</key>
			<string>diff "${PODS_ROOT}/../Podfile.lock" "${PODS_ROOT}/Manifest.lock" &gt; /dev/null
if [[ $? != 0 ]] ; then
    cat &lt;&lt; EOM
error: The sandbox is not in sync with the Podfile.lock. Run 'pod install' or update your CocoaPods installation.
EOM
    exit 1
fi
</string>
			<key>showEnvVarsInLog</key>
			<string>0</string>
		</dict>
		<key>71E5C396789205261176589C</key>
		<dict>
			<key>buildActionMask</key>
			<string>2147483647</string>
			<key>files</key>
			<array/>
			<key>inputPaths</key>
			<array/>
			<key>isa</key>
			<string>PBXShellScriptBuildPhase</string>
			<key>name</key>
			<string>Embed Pods Frameworks</string>
			<key>outputPaths</key>
			<array/>
			<key>runOnlyForDeploymentPostprocessing</key>
			<string>0</string>
			<key>shellPath</key>
			<string>/bin/sh</string>
			<key>shellScript</key>
			<string>"${SRCROOT}/Pods/Target Support Files/Pods-TopTen/Pods-TopTen-frameworks.sh"
</string>
			<key>showEnvVarsInLog</key>
			<string>0</string>
		</dict>
		<key>7AE10D20559C5739A61E9BE7</key>
		<dict>
			<key>fileRef</key>
			<string>F9682D5F37D0E5F87376C15B</string>
			<key>isa</key>
			<string>PBXBuildFile</string>
		</dict>
		<key>86B4636F9FE835BC87E3432E</key>
		<dict>
			<key>children</key>
			<array>
				<string>F9682D5F37D0E5F87376C15B</string>
			</array>
			<key>isa</key>
			<string>PBXGroup</string>
			<key>name</key>
			<string>Frameworks</string>
			<key>sourceTree</key>
			<string>&lt;group&gt;</string>
		</dict>
		<key>9E22F5AD1CCC2DD3009C032D</key>
		<dict>
			<key>fileEncoding</key>
			<string>4</string>
			<key>isa</key>
			<string>PBXFileReference</string>
			<key>lastKnownFileType</key>
			<string>sourcecode.swift</string>
			<key>path</key>
			<string>TopicTableViewController.swift</string>
			<key>sourceTree</key>
			<string>&lt;group&gt;</string>
		</dict>
		<key>9E22F5AE1CCC2DD3009C032D</key>
		<dict>
			<key>fileRef</key>
			<string>9E22F5AD1CCC2DD3009C032D</string>
			<key>isa</key>
			<string>PBXBuildFile</string>
		</dict>
		<key>9E22F5B51CCC2EE3009C032D</key>
		<dict>
			<key>fileEncoding</key>
			<string>4</string>
			<key>isa</key>
			<string>PBXFileReference</string>
			<key>lastKnownFileType</key>
			<string>sourcecode.swift</string>
			<key>path</key>
			<string>Topic.swift</string>
			<key>sourceTree</key>
			<string>&lt;group&gt;</string>
		</dict>
		<key>9E22F5B61CCC2EE3009C032D</key>
		<dict>
			<key>fileRef</key>
			<string>9E22F5B51CCC2EE3009C032D</string>
			<key>isa</key>
			<string>PBXBuildFile</string>
		</dict>
		<key>9E22F5B71CCC2EEB009C032D</key>
		<dict>
			<key>fileEncoding</key>
			<string>4</string>
			<key>isa</key>
			<string>PBXFileReference</string>
			<key>lastKnownFileType</key>
			<string>sourcecode.swift</string>
			<key>path</key>
			<string>Item.swift</string>
			<key>sourceTree</key>
			<string>&lt;group&gt;</string>
		</dict>
		<key>9E22F5B81CCC2EEB009C032D</key>
		<dict>
			<key>fileRef</key>
			<string>9E22F5B71CCC2EEB009C032D</string>
			<key>isa</key>
			<string>PBXBuildFile</string>
		</dict>
		<key>9E22F5B91CCC2EF5009C032D</key>
		<dict>
			<key>fileEncoding</key>
			<string>4</string>
			<key>isa</key>
			<string>PBXFileReference</string>
			<key>lastKnownFileType</key>
			<string>sourcecode.swift</string>
			<key>path</key>
			<string>User.swift</string>
			<key>sourceTree</key>
			<string>&lt;group&gt;</string>
		</dict>
		<key>9E22F5BA1CCC2EF5009C032D</key>
		<dict>
			<key>fileRef</key>
			<string>9E22F5B91CCC2EF5009C032D</string>
			<key>isa</key>
			<string>PBXBuildFile</string>
		</dict>
		<key>9E22F5BB1CCC2F61009C032D</key>
		<dict>
			<key>fileEncoding</key>
			<string>4</string>
			<key>isa</key>
			<string>PBXFileReference</string>
			<key>lastKnownFileType</key>
			<string>sourcecode.swift</string>
			<key>path</key>
			<string>PotentialTopicTableViewController.swift</string>
			<key>sourceTree</key>
			<string>&lt;group&gt;</string>
		</dict>
		<key>9E22F5BC1CCC2F61009C032D</key>
		<dict>
			<key>fileRef</key>
			<string>9E22F5BB1CCC2F61009C032D</string>
			<key>isa</key>
			<string>PBXBuildFile</string>
		</dict>
		<key>9E22F5BD1CCC33A1009C032D</key>
		<dict>
			<key>fileEncoding</key>
			<string>4</string>
			<key>isa</key>
			<string>PBXFileReference</string>
			<key>lastKnownFileType</key>
			<string>sourcecode.swift</string>
			<key>path</key>
			<string>TopicTableViewCell.swift</string>
			<key>sourceTree</key>
			<string>&lt;group&gt;</string>
		</dict>
		<key>9E22F5BE1CCC33A1009C032D</key>
		<dict>
			<key>fileRef</key>
			<string>9E22F5BD1CCC33A1009C032D</string>
			<key>isa</key>
			<string>PBXBuildFile</string>
		</dict>
		<key>9E22F5BF1CCC33BA009C032D</key>
		<dict>
			<key>fileEncoding</key>
			<string>4</string>
			<key>isa</key>
			<string>PBXFileReference</string>
			<key>lastKnownFileType</key>
			<string>sourcecode.swift</string>
			<key>path</key>
			<string>ItemTableViewCell.swift</string>
			<key>sourceTree</key>
			<string>&lt;group&gt;</string>
		</dict>
		<key>9E22F5C01CCC33BA009C032D</key>
		<dict>
			<key>fileRef</key>
			<string>9E22F5BF1CCC33BA009C032D</string>
			<key>isa</key>
			<string>PBXBuildFile</string>
		</dict>
		<key>9E22F5C11CCC33C7009C032D</key>
		<dict>
			<key>fileEncoding</key>
			<string>4</string>
			<key>isa</key>
			<string>PBXFileReference</string>
			<key>lastKnownFileType</key>
			<string>sourcecode.swift</string>
			<key>path</key>
			<string>PotentialTopicTableViewCell.swift</string>
			<key>sourceTree</key>
			<string>&lt;group&gt;</string>
		</dict>
		<key>9E22F5C21CCC33C7009C032D</key>
		<dict>
			<key>fileRef</key>
			<string>9E22F5C11CCC33C7009C032D</string>
			<key>isa</key>
			<string>PBXBuildFile</string>
		</dict>
		<key>9E240D381CCC445D00508521</key>
		<dict>
			<key>children</key>
			<array>
				<string>9E240D391CCC448B00508521</string>
				<string>9E240D3A1CCC448B00508521</string>
				<string>9E240D3B1CCC448B00508521</string>
				<string>9E240D3C1CCC448B00508521</string>
			</array>
			<key>isa</key>
			<string>PBXGroup</string>
			<key>name</key>
			<string>Images</string>
			<key>sourceTree</key>
			<string>&lt;group&gt;</string>
		</dict>
		<key>9E240D391CCC448B00508521</key>
		<dict>
			<key>isa</key>
			<string>PBXFileReference</string>
			<key>lastKnownFileType</key>
			<string>image.png</string>
			<key>name</key>
			<string>GreyDownArrow.png</string>
			<key>path</key>
			<string>Images/GreyDownArrow.png</string>
			<key>sourceTree</key>
			<string>&lt;group&gt;</string>
		</dict>
		<key>9E240D3A1CCC448B00508521</key>
		<dict>
			<key>isa</key>
			<string>PBXFileReference</string>
			<key>lastKnownFileType</key>
			<string>image.png</string>
			<key>name</key>
			<string>GreyUpArrow.png</string>
			<key>path</key>
			<string>Images/GreyUpArrow.png</string>
			<key>sourceTree</key>
			<string>&lt;group&gt;</string>
		</dict>
		<key>9E240D3B1CCC448B00508521</key>
		<dict>
			<key>isa</key>
			<string>PBXFileReference</string>
			<key>lastKnownFileType</key>
			<string>image.png</string>
			<key>name</key>
			<string>PurpleDownArrow.png</string>
			<key>path</key>
			<string>Images/PurpleDownArrow.png</string>
			<key>sourceTree</key>
			<string>&lt;group&gt;</string>
		</dict>
		<key>9E240D3C1CCC448B00508521</key>
		<dict>
			<key>isa</key>
			<string>PBXFileReference</string>
			<key>lastKnownFileType</key>
			<string>image.png</string>
			<key>name</key>
			<string>PurpleUpArrow.png</string>
			<key>path</key>
			<string>Images/PurpleUpArrow.png</string>
			<key>sourceTree</key>
			<string>&lt;group&gt;</string>
		</dict>
		<key>9E240D3D1CCC448B00508521</key>
		<dict>
			<key>fileRef</key>
			<string>9E240D391CCC448B00508521</string>
			<key>isa</key>
			<string>PBXBuildFile</string>
		</dict>
		<key>9E240D3E1CCC448B00508521</key>
		<dict>
			<key>fileRef</key>
			<string>9E240D3A1CCC448B00508521</string>
			<key>isa</key>
			<string>PBXBuildFile</string>
		</dict>
		<key>9E240D3F1CCC448B00508521</key>
		<dict>
			<key>fileRef</key>
			<string>9E240D3B1CCC448B00508521</string>
			<key>isa</key>
			<string>PBXBuildFile</string>
		</dict>
		<key>9E240D401CCC448B00508521</key>
		<dict>
			<key>fileRef</key>
			<string>9E240D3C1CCC448B00508521</string>
			<key>isa</key>
			<string>PBXBuildFile</string>
		</dict>
		<key>A572658FC5C137098EE75AE1</key>
		<dict>
			<key>children</key>
			<array>
				<string>AE0B9936E967259BC2E57B23</string>
				<string>F0CBA997CA331D8068585195</string>
			</array>
			<key>isa</key>
			<string>PBXGroup</string>
			<key>name</key>
			<string>Pods</string>
			<key>sourceTree</key>
			<string>&lt;group&gt;</string>
		</dict>
		<key>AE0B9936E967259BC2E57B23</key>
		<dict>
			<key>includeInIndex</key>
			<string>1</string>
			<key>isa</key>
			<string>PBXFileReference</string>
			<key>lastKnownFileType</key>
			<string>text.xcconfig</string>
			<key>name</key>
			<string>Pods-TopTen.debug.xcconfig</string>
			<key>path</key>
			<string>Pods/Target Support Files/Pods-TopTen/Pods-TopTen.debug.xcconfig</string>
			<key>sourceTree</key>
			<string>&lt;group&gt;</string>
		</dict>
		<key>F0CBA997CA331D8068585195</key>
		<dict>
			<key>includeInIndex</key>
			<string>1</string>
			<key>isa</key>
			<string>PBXFileReference</string>
			<key>lastKnownFileType</key>
			<string>text.xcconfig</string>
			<key>name</key>
			<string>Pods-TopTen.release.xcconfig</string>
			<key>path</key>
			<string>Pods/Target Support Files/Pods-TopTen/Pods-TopTen.release.xcconfig</string>
			<key>sourceTree</key>
			<string>&lt;group&gt;</string>
		</dict>
		<key>F9682D5F37D0E5F87376C15B</key>
		<dict>
			<key>explicitFileType</key>
			<string>wrapper.framework</string>
			<key>includeInIndex</key>
			<string>0</string>
			<key>isa</key>
			<string>PBXFileReference</string>
			<key>path</key>
			<string>Pods_TopTen.framework</string>
			<key>sourceTree</key>
			<string>BUILT_PRODUCTS_DIR</string>
		</dict>
	</dict>
	<key>rootObject</key>
	<string>2CC33F1D1CC89F4100A88BA3</string>
</dict>
</plist>
